{
  "name": "React",
  "lockfileVersion": 2,
  "requires": true,
  "packages": {
    "": {
      "dependencies": {
        "immer": "^9.0.14"
      }
    },
    "node_modules/immer": {
      "version": "9.0.14",
      "resolved": "https://registry.npmjs.org/immer/-/immer-9.0.14.tgz",
      "integrity": "sha512-ubBeqQutOSLIFCUBN03jGeOS6a3DoYlSYwYJTa+gSKEZKU5redJIqkIdZ3JVv/4RZpfcXdAWH5zCNLWPRv2WDw==",
      "funding": {
        "type": "opencollective",
        "url": "https://opencollective.com/immer"
      }
    }
  },
  "dependencies": {
    "immer": {
      "version": "9.0.14",
      "resolved": "https://registry.npmjs.org/immer/-/immer-9.0.14.tgz",
      "integrity": "sha512-ubBeqQutOSLIFCUBN03jGeOS6a3DoYlSYwYJTa+gSKEZKU5redJIqkIdZ3JVv/4RZpfcXdAWH5zCNLWPRv2WDw=="
    }
  }
}
