# THIS IS AN AUTOGENERATED FILE. DO NOT EDIT THIS FILE DIRECTLY.
# yarn lockfile v1


"immer@^9.0.14":
  "integrity" "sha512-ubBeqQutOSLIFCUBN03jGeOS6a3DoYlSYwYJTa+gSKEZKU5redJIqkIdZ3JVv/4RZpfcXdAWH5zCNLWPRv2WDw=="
  "resolved" "https://registry.npmjs.org/immer/-/immer-9.0.14.tgz"
  "version" "9.0.14"
